
Microsoft Visual Studio Solution File, Format Version 12.00
Project("{FAE04EC0-301F-11D3-BF4B-00C04F79EFBC}") = "BookABook", "BookABook\BookABook.csproj", "{F2052F17-6C0D-470F-98B4-889EE7CCF14E}"
EndProject
Global
	GlobalSection(SolutionConfigurationPlatforms) = preSolution
		Debug|Any CPU = Debug|Any CPU
		Release|Any CPU = Release|Any CPU
	EndGlobalSection
	GlobalSection(ProjectConfigurationPlatforms) = postSolution
		{F2052F17-6C0D-470F-98B4-889EE7CCF14E}.Debug|Any CPU.ActiveCfg = Debug|Any CPU
		{F2052F17-6C0D-470F-98B4-889EE7CCF14E}.Debug|Any CPU.Build.0 = Debug|Any CPU
		{F2052F17-6C0D-470F-98B4-889EE7CCF14E}.Release|Any CPU.ActiveCfg = Release|Any CPU
		{F2052F17-6C0D-470F-98B4-889EE7CCF14E}.Release|Any CPU.Build.0 = Release|Any CPU
	EndGlobalSection
EndGlobal
