
Microsoft Visual Studio Solution File, Format Version 12.00
# Visual Studio Version 16
VisualStudioVersion = 16.0.29806.167
MinimumVisualStudioVersion = 10.0.40219.1
Project("{8BC9CEB8-8B4A-11D0-8D11-00A0C91BC942}") = "Lab 6 final", "Lab 6 final\Lab 6 final.vcxproj", "{4C2DA0DA-69D7-4C74-B17E-6683CB1DAEAA}"
EndProject
Global
	GlobalSection(SolutionConfigurationPlatforms) = preSolution
		Debug|x64 = Debug|x64
		Debug|x86 = Debug|x86
		Release|x64 = Release|x64
		Release|x86 = Release|x86
	EndGlobalSection
	GlobalSection(ProjectConfigurationPlatforms) = postSolution
		{4C2DA0DA-69D7-4C74-B17E-6683CB1DAEAA}.Debug|x64.ActiveCfg = Debug|x64
		{4C2DA0DA-69D7-4C74-B17E-6683CB1DAEAA}.Debug|x64.Build.0 = Debug|x64
		{4C2DA0DA-69D7-4C74-B17E-6683CB1DAEAA}.Debug|x86.ActiveCfg = Debug|Win32
		{4C2DA0DA-69D7-4C74-B17E-6683CB1DAEAA}.Debug|x86.Build.0 = Debug|Win32
		{4C2DA0DA-69D7-4C74-B17E-6683CB1DAEAA}.Release|x64.ActiveCfg = Release|x64
		{4C2DA0DA-69D7-4C74-B17E-6683CB1DAEAA}.Release|x64.Build.0 = Release|x64
		{4C2DA0DA-69D7-4C74-B17E-6683CB1DAEAA}.Release|x86.ActiveCfg = Release|Win32
		{4C2DA0DA-69D7-4C74-B17E-6683CB1DAEAA}.Release|x86.Build.0 = Release|Win32
	EndGlobalSection
	GlobalSection(SolutionProperties) = preSolution
		HideSolutionNode = FALSE
	EndGlobalSection
	GlobalSection(ExtensibilityGlobals) = postSolution
		SolutionGuid = {A2510B81-E2A0-48FC-A453-7E7E9E653DA0}
	EndGlobalSection
EndGlobal
